
Microsoft Visual Studio Solution File, Format Version 12.00
# Visual Studio Version 17
VisualStudioVersion = 17.7.34202.233
MinimumVisualStudioVersion = 10.0.40219.1
Project("{FAE04EC0-301F-11D3-BF4B-00C04F79EFBC}") = "appBuffetFrancisco", "appBuffetFrancisco\appBuffetFrancisco.csproj", "{0FB9F20A-12E3-4122-B552-5AF20A777FA7}"
EndProject
Global
	GlobalSection(SolutionConfigurationPlatforms) = preSolution
		Debug|Any CPU = Debug|Any CPU
		Release|Any CPU = Release|Any CPU
	EndGlobalSection
	GlobalSection(ProjectConfigurationPlatforms) = postSolution
		{0FB9F20A-12E3-4122-B552-5AF20A777FA7}.Debug|Any CPU.ActiveCfg = Debug|Any CPU
		{0FB9F20A-12E3-4122-B552-5AF20A777FA7}.Debug|Any CPU.Build.0 = Debug|Any CPU
		{0FB9F20A-12E3-4122-B552-5AF20A777FA7}.Release|Any CPU.ActiveCfg = Release|Any CPU
		{0FB9F20A-12E3-4122-B552-5AF20A777FA7}.Release|Any CPU.Build.0 = Release|Any CPU
	EndGlobalSection
	GlobalSection(SolutionProperties) = preSolution
		HideSolutionNode = FALSE
	EndGlobalSection
	GlobalSection(ExtensibilityGlobals) = postSolution
		SolutionGuid = {7C100F42-2E17-4656-AAE3-498A167096DC}
	EndGlobalSection
EndGlobal
